
Microsoft Visual Studio Solution File, Format Version 12.00
# Visual Studio Version 16
VisualStudioVersion = 16.0.29215.179
MinimumVisualStudioVersion = 10.0.40219.1
Project("{FAE04EC0-301F-11D3-BF4B-00C04F79EFBC}") = "Projet-pilate", "Projet-pilate\Projet-pilate.csproj", "{B4B90819-BD09-47D1-889B-A44A7A86D6A8}"
EndProject
Global
	GlobalSection(SolutionConfigurationPlatforms) = preSolution
		Debug|Any CPU = Debug|Any CPU
		Release|Any CPU = Release|Any CPU
	EndGlobalSection
	GlobalSection(ProjectConfigurationPlatforms) = postSolution
		{B4B90819-BD09-47D1-889B-A44A7A86D6A8}.Debug|Any CPU.ActiveCfg = Debug|Any CPU
		{B4B90819-BD09-47D1-889B-A44A7A86D6A8}.Debug|Any CPU.Build.0 = Debug|Any CPU
		{B4B90819-BD09-47D1-889B-A44A7A86D6A8}.Release|Any CPU.ActiveCfg = Release|Any CPU
		{B4B90819-BD09-47D1-889B-A44A7A86D6A8}.Release|Any CPU.Build.0 = Release|Any CPU
	EndGlobalSection
	GlobalSection(SolutionProperties) = preSolution
		HideSolutionNode = FALSE
	EndGlobalSection
	GlobalSection(ExtensibilityGlobals) = postSolution
		SolutionGuid = {433930F8-FD7A-46BB-B4F7-66B28D0A65E2}
	EndGlobalSection
EndGlobal
